
Microsoft Visual Studio Solution File, Format Version 12.00
# Visual Studio Version 17
VisualStudioVersion = 17.1.32407.343
MinimumVisualStudioVersion = 10.0.40219.1
Project("{FAE04EC0-301F-11D3-BF4B-00C04F79EFBC}") = "PatternsLearning.ConsoleApp", "PatternsLearning.ConsoleApp\PatternsLearning.ConsoleApp.csproj", "{E6C2E229-9154-4925-98B0-4AA882217539}"
EndProject
Project("{FAE04EC0-301F-11D3-BF4B-00C04F79EFBC}") = "PatternsLearning.PatternsImplementation", "PatternsLearning.PatternsImplementation\PatternsLearning.PatternsImplementation.csproj", "{8BDC8DCD-BD16-4BA9-8089-9E449FD595D5}"
EndProject
Global
	GlobalSection(SolutionConfigurationPlatforms) = preSolution
		Debug|Any CPU = Debug|Any CPU
		Release|Any CPU = Release|Any CPU
	EndGlobalSection
	GlobalSection(ProjectConfigurationPlatforms) = postSolution
		{E6C2E229-9154-4925-98B0-4AA882217539}.Debug|Any CPU.ActiveCfg = Debug|Any CPU
		{E6C2E229-9154-4925-98B0-4AA882217539}.Debug|Any CPU.Build.0 = Debug|Any CPU
		{E6C2E229-9154-4925-98B0-4AA882217539}.Release|Any CPU.ActiveCfg = Release|Any CPU
		{E6C2E229-9154-4925-98B0-4AA882217539}.Release|Any CPU.Build.0 = Release|Any CPU
		{8BDC8DCD-BD16-4BA9-8089-9E449FD595D5}.Debug|Any CPU.ActiveCfg = Debug|Any CPU
		{8BDC8DCD-BD16-4BA9-8089-9E449FD595D5}.Debug|Any CPU.Build.0 = Debug|Any CPU
		{8BDC8DCD-BD16-4BA9-8089-9E449FD595D5}.Release|Any CPU.ActiveCfg = Release|Any CPU
		{8BDC8DCD-BD16-4BA9-8089-9E449FD595D5}.Release|Any CPU.Build.0 = Release|Any CPU
	EndGlobalSection
	GlobalSection(SolutionProperties) = preSolution
		HideSolutionNode = FALSE
	EndGlobalSection
	GlobalSection(ExtensibilityGlobals) = postSolution
		SolutionGuid = {1223701A-55CC-4662-8168-784770EE234E}
	EndGlobalSection
EndGlobal
